
Microsoft Visual Studio Solution File, Format Version 12.00
# Visual Studio Version 17
VisualStudioVersion = 17.0.31808.319
MinimumVisualStudioVersion = 10.0.40219.1
Project("{FAE04EC0-301F-11D3-BF4B-00C04F79EFBC}") = "TemaMVP", "TemaMVP.csproj", "{6F07A42E-85F7-46D3-9075-CC85C58BDB08}"
EndProject
Global
	GlobalSection(SolutionConfigurationPlatforms) = preSolution
		Debug|Any CPU = Debug|Any CPU
		Release|Any CPU = Release|Any CPU
	EndGlobalSection
	GlobalSection(ProjectConfigurationPlatforms) = postSolution
		{6F07A42E-85F7-46D3-9075-CC85C58BDB08}.Debug|Any CPU.ActiveCfg = Debug|Any CPU
		{6F07A42E-85F7-46D3-9075-CC85C58BDB08}.Debug|Any CPU.Build.0 = Debug|Any CPU
		{6F07A42E-85F7-46D3-9075-CC85C58BDB08}.Release|Any CPU.ActiveCfg = Release|Any CPU
		{6F07A42E-85F7-46D3-9075-CC85C58BDB08}.Release|Any CPU.Build.0 = Release|Any CPU
	EndGlobalSection
	GlobalSection(SolutionProperties) = preSolution
		HideSolutionNode = FALSE
	EndGlobalSection
	GlobalSection(ExtensibilityGlobals) = postSolution
		SolutionGuid = {D3EFF94F-D1F3-40C0-B0E7-69221E88250D}
	EndGlobalSection
EndGlobal
